
Microsoft Visual Studio Solution File, Format Version 12.00
# Visual Studio 15
VisualStudioVersion = 15.0.27428.2037
MinimumVisualStudioVersion = 10.0.40219.1
Project("{FAE04EC0-301F-11D3-BF4B-00C04F79EFBC}") = "TaskStudy", "TaskStudy\TaskStudy.csproj", "{D8DE5030-BC6A-42CB-9F84-AB3E89095F17}"
EndProject
Project("{FAE04EC0-301F-11D3-BF4B-00C04F79EFBC}") = "MainStudy", "MainStudy\MainStudy.csproj", "{05744F52-3495-4502-B1CE-784468812F76}"
EndProject
Project("{FAE04EC0-301F-11D3-BF4B-00C04F79EFBC}") = "HttpClientStudy", "HttpClientStudy\HttpClientStudy.csproj", "{47BCC482-C51C-4F49-8BEF-BC3690ABEC9F}"
EndProject
Project("{FAE04EC0-301F-11D3-BF4B-00C04F79EFBC}") = "PipeServer", "PipeServer\PipeServer.csproj", "{49ADB09E-6BCE-43A2-8EA7-183B27007C28}"
EndProject
Project("{FAE04EC0-301F-11D3-BF4B-00C04F79EFBC}") = "PipeClient", "PipeClient\PipeClient.csproj", "{32A2058C-E0B6-4D9B-AB29-B88A3718F777}"
EndProject
Project("{FAE04EC0-301F-11D3-BF4B-00C04F79EFBC}") = "PipeClientB", "PipeClientB\PipeClientB.csproj", "{C1A767B0-036B-420D-9CC3-D90BE9BE35B0}"
EndProject
Project("{FAE04EC0-301F-11D3-BF4B-00C04F79EFBC}") = "PipeFormApp", "PipeFormApp\PipeFormApp.csproj", "{4635D10F-8160-4D2B-82E9-B832214A2C27}"
EndProject
Project("{FAE04EC0-301F-11D3-BF4B-00C04F79EFBC}") = "PipeServerApp", "PipeServerApp\PipeServerApp.csproj", "{8432183D-3ECE-4841-A091-9A667618B9F2}"
EndProject
Project("{FAE04EC0-301F-11D3-BF4B-00C04F79EFBC}") = "XPSApp", "XPSApp\XPSApp.csproj", "{A45C35F7-86D9-4861-9CFE-4CC3ED3F4E34}"
EndProject
Project("{9A19103F-16F7-4668-BE54-9A1E7A4F7556}") = "FreeSpireOffice", "FreeSpireOffice\FreeSpireOffice.csproj", "{3E3789DC-DEC0-4296-85FD-FDAAC20A2FE9}"
EndProject
Project("{FAE04EC0-301F-11D3-BF4B-00C04F79EFBC}") = "FreeSpire", "FreeSpire\FreeSpire.csproj", "{3CE2A805-0DDF-4E40-B916-BAD567AD1581}"
EndProject
Project("{9A19103F-16F7-4668-BE54-9A1E7A4F7556}") = "IntExtension", "IntExtension\IntExtension.csproj", "{E498CE35-C399-431F-88EB-D37339FE2720}"
EndProject
Project("{FAE04EC0-301F-11D3-BF4B-00C04F79EFBC}") = "SpiderApp", "SpiderApp\SpiderApp.csproj", "{7DC5DC8F-DF6E-4006-9698-4AD6952ED956}"
EndProject
Project("{FAE04EC0-301F-11D3-BF4B-00C04F79EFBC}") = "MVCStudyApp", "MVCStudyApp\MVCStudyApp.csproj", "{311CF44D-28C6-4066-8DA3-01C9EBFDE984}"
EndProject
Project("{FAE04EC0-301F-11D3-BF4B-00C04F79EFBC}") = "EventStudy", "EventStudy\EventStudy.csproj", "{7DC14417-3FE4-4F0A-B1FB-4B68101F790D}"
EndProject
Project("{FAE04EC0-301F-11D3-BF4B-00C04F79EFBC}") = "S101", "S101\S101.csproj", "{04841981-419D-4780-BD9D-7D44D08F134F}"
EndProject
Global
	GlobalSection(SolutionConfigurationPlatforms) = preSolution
		Debug|Any CPU = Debug|Any CPU
		Release|Any CPU = Release|Any CPU
	EndGlobalSection
	GlobalSection(ProjectConfigurationPlatforms) = postSolution
		{D8DE5030-BC6A-42CB-9F84-AB3E89095F17}.Debug|Any CPU.ActiveCfg = Debug|Any CPU
		{D8DE5030-BC6A-42CB-9F84-AB3E89095F17}.Debug|Any CPU.Build.0 = Debug|Any CPU
		{D8DE5030-BC6A-42CB-9F84-AB3E89095F17}.Release|Any CPU.ActiveCfg = Release|Any CPU
		{D8DE5030-BC6A-42CB-9F84-AB3E89095F17}.Release|Any CPU.Build.0 = Release|Any CPU
		{05744F52-3495-4502-B1CE-784468812F76}.Debug|Any CPU.ActiveCfg = Debug|Any CPU
		{05744F52-3495-4502-B1CE-784468812F76}.Debug|Any CPU.Build.0 = Debug|Any CPU
		{05744F52-3495-4502-B1CE-784468812F76}.Release|Any CPU.ActiveCfg = Release|Any CPU
		{05744F52-3495-4502-B1CE-784468812F76}.Release|Any CPU.Build.0 = Release|Any CPU
		{47BCC482-C51C-4F49-8BEF-BC3690ABEC9F}.Debug|Any CPU.ActiveCfg = Debug|Any CPU
		{47BCC482-C51C-4F49-8BEF-BC3690ABEC9F}.Debug|Any CPU.Build.0 = Debug|Any CPU
		{47BCC482-C51C-4F49-8BEF-BC3690ABEC9F}.Release|Any CPU.ActiveCfg = Release|Any CPU
		{47BCC482-C51C-4F49-8BEF-BC3690ABEC9F}.Release|Any CPU.Build.0 = Release|Any CPU
		{49ADB09E-6BCE-43A2-8EA7-183B27007C28}.Debug|Any CPU.ActiveCfg = Debug|Any CPU
		{49ADB09E-6BCE-43A2-8EA7-183B27007C28}.Debug|Any CPU.Build.0 = Debug|Any CPU
		{49ADB09E-6BCE-43A2-8EA7-183B27007C28}.Release|Any CPU.ActiveCfg = Release|Any CPU
		{49ADB09E-6BCE-43A2-8EA7-183B27007C28}.Release|Any CPU.Build.0 = Release|Any CPU
		{32A2058C-E0B6-4D9B-AB29-B88A3718F777}.Debug|Any CPU.ActiveCfg = Debug|Any CPU
		{32A2058C-E0B6-4D9B-AB29-B88A3718F777}.Debug|Any CPU.Build.0 = Debug|Any CPU
		{32A2058C-E0B6-4D9B-AB29-B88A3718F777}.Release|Any CPU.ActiveCfg = Release|Any CPU
		{32A2058C-E0B6-4D9B-AB29-B88A3718F777}.Release|Any CPU.Build.0 = Release|Any CPU
		{C1A767B0-036B-420D-9CC3-D90BE9BE35B0}.Debug|Any CPU.ActiveCfg = Debug|Any CPU
		{C1A767B0-036B-420D-9CC3-D90BE9BE35B0}.Debug|Any CPU.Build.0 = Debug|Any CPU
		{C1A767B0-036B-420D-9CC3-D90BE9BE35B0}.Release|Any CPU.ActiveCfg = Release|Any CPU
		{C1A767B0-036B-420D-9CC3-D90BE9BE35B0}.Release|Any CPU.Build.0 = Release|Any CPU
		{4635D10F-8160-4D2B-82E9-B832214A2C27}.Debug|Any CPU.ActiveCfg = Debug|Any CPU
		{4635D10F-8160-4D2B-82E9-B832214A2C27}.Debug|Any CPU.Build.0 = Debug|Any CPU
		{4635D10F-8160-4D2B-82E9-B832214A2C27}.Release|Any CPU.ActiveCfg = Release|Any CPU
		{4635D10F-8160-4D2B-82E9-B832214A2C27}.Release|Any CPU.Build.0 = Release|Any CPU
		{8432183D-3ECE-4841-A091-9A667618B9F2}.Debug|Any CPU.ActiveCfg = Debug|Any CPU
		{8432183D-3ECE-4841-A091-9A667618B9F2}.Debug|Any CPU.Build.0 = Debug|Any CPU
		{8432183D-3ECE-4841-A091-9A667618B9F2}.Release|Any CPU.ActiveCfg = Release|Any CPU
		{8432183D-3ECE-4841-A091-9A667618B9F2}.Release|Any CPU.Build.0 = Release|Any CPU
		{A45C35F7-86D9-4861-9CFE-4CC3ED3F4E34}.Debug|Any CPU.ActiveCfg = Debug|Any CPU
		{A45C35F7-86D9-4861-9CFE-4CC3ED3F4E34}.Debug|Any CPU.Build.0 = Debug|Any CPU
		{A45C35F7-86D9-4861-9CFE-4CC3ED3F4E34}.Release|Any CPU.ActiveCfg = Release|Any CPU
		{A45C35F7-86D9-4861-9CFE-4CC3ED3F4E34}.Release|Any CPU.Build.0 = Release|Any CPU
		{3E3789DC-DEC0-4296-85FD-FDAAC20A2FE9}.Debug|Any CPU.ActiveCfg = Debug|Any CPU
		{3E3789DC-DEC0-4296-85FD-FDAAC20A2FE9}.Debug|Any CPU.Build.0 = Debug|Any CPU
		{3E3789DC-DEC0-4296-85FD-FDAAC20A2FE9}.Release|Any CPU.ActiveCfg = Release|Any CPU
		{3E3789DC-DEC0-4296-85FD-FDAAC20A2FE9}.Release|Any CPU.Build.0 = Release|Any CPU
		{3CE2A805-0DDF-4E40-B916-BAD567AD1581}.Debug|Any CPU.ActiveCfg = Debug|Any CPU
		{3CE2A805-0DDF-4E40-B916-BAD567AD1581}.Debug|Any CPU.Build.0 = Debug|Any CPU
		{3CE2A805-0DDF-4E40-B916-BAD567AD1581}.Release|Any CPU.ActiveCfg = Release|Any CPU
		{3CE2A805-0DDF-4E40-B916-BAD567AD1581}.Release|Any CPU.Build.0 = Release|Any CPU
		{E498CE35-C399-431F-88EB-D37339FE2720}.Debug|Any CPU.ActiveCfg = Debug|Any CPU
		{E498CE35-C399-431F-88EB-D37339FE2720}.Debug|Any CPU.Build.0 = Debug|Any CPU
		{E498CE35-C399-431F-88EB-D37339FE2720}.Release|Any CPU.ActiveCfg = Release|Any CPU
		{E498CE35-C399-431F-88EB-D37339FE2720}.Release|Any CPU.Build.0 = Release|Any CPU
		{7DC5DC8F-DF6E-4006-9698-4AD6952ED956}.Debug|Any CPU.ActiveCfg = Debug|Any CPU
		{7DC5DC8F-DF6E-4006-9698-4AD6952ED956}.Debug|Any CPU.Build.0 = Debug|Any CPU
		{7DC5DC8F-DF6E-4006-9698-4AD6952ED956}.Release|Any CPU.ActiveCfg = Release|Any CPU
		{7DC5DC8F-DF6E-4006-9698-4AD6952ED956}.Release|Any CPU.Build.0 = Release|Any CPU
		{311CF44D-28C6-4066-8DA3-01C9EBFDE984}.Debug|Any CPU.ActiveCfg = Debug|Any CPU
		{311CF44D-28C6-4066-8DA3-01C9EBFDE984}.Debug|Any CPU.Build.0 = Debug|Any CPU
		{311CF44D-28C6-4066-8DA3-01C9EBFDE984}.Release|Any CPU.ActiveCfg = Release|Any CPU
		{311CF44D-28C6-4066-8DA3-01C9EBFDE984}.Release|Any CPU.Build.0 = Release|Any CPU
		{7DC14417-3FE4-4F0A-B1FB-4B68101F790D}.Debug|Any CPU.ActiveCfg = Debug|Any CPU
		{7DC14417-3FE4-4F0A-B1FB-4B68101F790D}.Debug|Any CPU.Build.0 = Debug|Any CPU
		{7DC14417-3FE4-4F0A-B1FB-4B68101F790D}.Release|Any CPU.ActiveCfg = Release|Any CPU
		{7DC14417-3FE4-4F0A-B1FB-4B68101F790D}.Release|Any CPU.Build.0 = Release|Any CPU
		{04841981-419D-4780-BD9D-7D44D08F134F}.Debug|Any CPU.ActiveCfg = Debug|Any CPU
		{04841981-419D-4780-BD9D-7D44D08F134F}.Debug|Any CPU.Build.0 = Debug|Any CPU
		{04841981-419D-4780-BD9D-7D44D08F134F}.Release|Any CPU.ActiveCfg = Release|Any CPU
		{04841981-419D-4780-BD9D-7D44D08F134F}.Release|Any CPU.Build.0 = Release|Any CPU
	EndGlobalSection
	GlobalSection(SolutionProperties) = preSolution
		HideSolutionNode = FALSE
	EndGlobalSection
	GlobalSection(ExtensibilityGlobals) = postSolution
		SolutionGuid = {603C72B6-963E-42FD-898A-42969431CC2D}
	EndGlobalSection
EndGlobal
